
Microsoft Visual Studio Solution File, Format Version 12.00
# Visual Studio Version 16
VisualStudioVersion = 16.0.29806.167
MinimumVisualStudioVersion = 10.0.40219.1
Project("{FAE04EC0-301F-11D3-BF4B-00C04F79EFBC}") = "QuickBuy.Domain", "QuickBuy.Domain\QuickBuy.Domain.csproj", "{4F0DE8F8-8FDC-4615-8CC8-58E2541176BD}"
EndProject
Project("{FAE04EC0-301F-11D3-BF4B-00C04F79EFBC}") = "QuickBuy.Repositories", "QuickBuy.Repositories\QuickBuy.Repositories.csproj", "{8742B424-298C-438E-8D6A-85A4EF7FDA8F}"
EndProject
Project("{FAE04EC0-301F-11D3-BF4B-00C04F79EFBC}") = "QuickBuy.Web", "QuickBuy.Web\QuickBuy.Web.csproj", "{38C819C3-72BB-4EBC-8C4B-AE0FAF070082}"
EndProject
Global
	GlobalSection(SolutionConfigurationPlatforms) = preSolution
		Debug|Any CPU = Debug|Any CPU
		Release|Any CPU = Release|Any CPU
	EndGlobalSection
	GlobalSection(ProjectConfigurationPlatforms) = postSolution
		{4F0DE8F8-8FDC-4615-8CC8-58E2541176BD}.Debug|Any CPU.ActiveCfg = Debug|Any CPU
		{4F0DE8F8-8FDC-4615-8CC8-58E2541176BD}.Debug|Any CPU.Build.0 = Debug|Any CPU
		{4F0DE8F8-8FDC-4615-8CC8-58E2541176BD}.Release|Any CPU.ActiveCfg = Release|Any CPU
		{4F0DE8F8-8FDC-4615-8CC8-58E2541176BD}.Release|Any CPU.Build.0 = Release|Any CPU
		{8742B424-298C-438E-8D6A-85A4EF7FDA8F}.Debug|Any CPU.ActiveCfg = Debug|Any CPU
		{8742B424-298C-438E-8D6A-85A4EF7FDA8F}.Debug|Any CPU.Build.0 = Debug|Any CPU
		{8742B424-298C-438E-8D6A-85A4EF7FDA8F}.Release|Any CPU.ActiveCfg = Release|Any CPU
		{8742B424-298C-438E-8D6A-85A4EF7FDA8F}.Release|Any CPU.Build.0 = Release|Any CPU
		{38C819C3-72BB-4EBC-8C4B-AE0FAF070082}.Debug|Any CPU.ActiveCfg = Debug|Any CPU
		{38C819C3-72BB-4EBC-8C4B-AE0FAF070082}.Debug|Any CPU.Build.0 = Debug|Any CPU
		{38C819C3-72BB-4EBC-8C4B-AE0FAF070082}.Release|Any CPU.ActiveCfg = Release|Any CPU
		{38C819C3-72BB-4EBC-8C4B-AE0FAF070082}.Release|Any CPU.Build.0 = Release|Any CPU
	EndGlobalSection
	GlobalSection(SolutionProperties) = preSolution
		HideSolutionNode = FALSE
	EndGlobalSection
	GlobalSection(ExtensibilityGlobals) = postSolution
		SolutionGuid = {E33EB1FA-20B9-4AA7-85CE-C6F157010D16}
	EndGlobalSection
EndGlobal
